
Microsoft Visual Studio Solution File, Format Version 12.00
# Visual Studio Version 17
VisualStudioVersion = 17.0.31903.59
MinimumVisualStudioVersion = 10.0.40219.1
Project("{FAE04EC0-301F-11D3-BF4B-00C04F79EFBC}") = "BepInEx.Core", "BepInEx.Core\BepInEx.Core.csproj", "{63221BFF-9982-4E87-AD93-615618ED3A7D}"
EndProject
Project("{FAE04EC0-301F-11D3-BF4B-00C04F79EFBC}") = "BepInEx.Preloader.Core", "BepInEx.Preloader.Core\BepInEx.Preloader.Core.csproj", "{E6CE1097-E74B-463E-B2C3-8A67C396D8E9}"
EndProject
Project("{2150E333-8FDC-42A3-9474-1A3956D46DE8}") = "Runtimes", "Runtimes", "{BB4FD3E1-BF37-801A-7591-DC4DC6E3BB2D}"
EndProject
Project("{2150E333-8FDC-42A3-9474-1A3956D46DE8}") = "NET", "NET", "{90B5BD25-249C-0694-B96D-AA8C315EA37C}"
EndProject
Project("{FAE04EC0-301F-11D3-BF4B-00C04F79EFBC}") = "BepInEx.NET.Common", "Runtimes\NET\BepInEx.NET.Common\BepInEx.NET.Common.csproj", "{7DF4931E-1CB2-40CC-90F0-38B149A923B9}"
EndProject
Project("{FAE04EC0-301F-11D3-BF4B-00C04F79EFBC}") = "BepInEx.NET.CoreCLR", "Runtimes\NET\BepInEx.NET.CoreCLR\BepInEx.NET.CoreCLR.csproj", "{2CB13BCD-1307-4F06-947F-710CC9248004}"
EndProject
Global
	GlobalSection(SolutionConfigurationPlatforms) = preSolution
		Debug|Any CPU = Debug|Any CPU
		Debug|x64 = Debug|x64
		Debug|x86 = Debug|x86
		Release|Any CPU = Release|Any CPU
		Release|x64 = Release|x64
		Release|x86 = Release|x86
	EndGlobalSection
	GlobalSection(ProjectConfigurationPlatforms) = postSolution
		{63221BFF-9982-4E87-AD93-615618ED3A7D}.Debug|Any CPU.ActiveCfg = Debug|Any CPU
		{63221BFF-9982-4E87-AD93-615618ED3A7D}.Debug|Any CPU.Build.0 = Debug|Any CPU
		{63221BFF-9982-4E87-AD93-615618ED3A7D}.Debug|x64.ActiveCfg = Debug|Any CPU
		{63221BFF-9982-4E87-AD93-615618ED3A7D}.Debug|x64.Build.0 = Debug|Any CPU
		{63221BFF-9982-4E87-AD93-615618ED3A7D}.Debug|x86.ActiveCfg = Debug|Any CPU
		{63221BFF-9982-4E87-AD93-615618ED3A7D}.Debug|x86.Build.0 = Debug|Any CPU
		{63221BFF-9982-4E87-AD93-615618ED3A7D}.Release|Any CPU.ActiveCfg = Release|Any CPU
		{63221BFF-9982-4E87-AD93-615618ED3A7D}.Release|Any CPU.Build.0 = Release|Any CPU
		{63221BFF-9982-4E87-AD93-615618ED3A7D}.Release|x64.ActiveCfg = Release|Any CPU
		{63221BFF-9982-4E87-AD93-615618ED3A7D}.Release|x64.Build.0 = Release|Any CPU
		{63221BFF-9982-4E87-AD93-615618ED3A7D}.Release|x86.ActiveCfg = Release|Any CPU
		{63221BFF-9982-4E87-AD93-615618ED3A7D}.Release|x86.Build.0 = Release|Any CPU
		{E6CE1097-E74B-463E-B2C3-8A67C396D8E9}.Debug|Any CPU.ActiveCfg = Debug|Any CPU
		{E6CE1097-E74B-463E-B2C3-8A67C396D8E9}.Debug|Any CPU.Build.0 = Debug|Any CPU
		{E6CE1097-E74B-463E-B2C3-8A67C396D8E9}.Debug|x64.ActiveCfg = Debug|Any CPU
		{E6CE1097-E74B-463E-B2C3-8A67C396D8E9}.Debug|x64.Build.0 = Debug|Any CPU
		{E6CE1097-E74B-463E-B2C3-8A67C396D8E9}.Debug|x86.ActiveCfg = Debug|Any CPU
		{E6CE1097-E74B-463E-B2C3-8A67C396D8E9}.Debug|x86.Build.0 = Debug|Any CPU
		{E6CE1097-E74B-463E-B2C3-8A67C396D8E9}.Release|Any CPU.ActiveCfg = Release|Any CPU
		{E6CE1097-E74B-463E-B2C3-8A67C396D8E9}.Release|Any CPU.Build.0 = Release|Any CPU
		{E6CE1097-E74B-463E-B2C3-8A67C396D8E9}.Release|x64.ActiveCfg = Release|Any CPU
		{E6CE1097-E74B-463E-B2C3-8A67C396D8E9}.Release|x64.Build.0 = Release|Any CPU
		{E6CE1097-E74B-463E-B2C3-8A67C396D8E9}.Release|x86.ActiveCfg = Release|Any CPU
		{E6CE1097-E74B-463E-B2C3-8A67C396D8E9}.Release|x86.Build.0 = Release|Any CPU
		{7DF4931E-1CB2-40CC-90F0-38B149A923B9}.Debug|Any CPU.ActiveCfg = Debug|Any CPU
		{7DF4931E-1CB2-40CC-90F0-38B149A923B9}.Debug|Any CPU.Build.0 = Debug|Any CPU
		{7DF4931E-1CB2-40CC-90F0-38B149A923B9}.Debug|x64.ActiveCfg = Debug|Any CPU
		{7DF4931E-1CB2-40CC-90F0-38B149A923B9}.Debug|x64.Build.0 = Debug|Any CPU
		{7DF4931E-1CB2-40CC-90F0-38B149A923B9}.Debug|x86.ActiveCfg = Debug|Any CPU
		{7DF4931E-1CB2-40CC-90F0-38B149A923B9}.Debug|x86.Build.0 = Debug|Any CPU
		{7DF4931E-1CB2-40CC-90F0-38B149A923B9}.Release|Any CPU.ActiveCfg = Release|Any CPU
		{7DF4931E-1CB2-40CC-90F0-38B149A923B9}.Release|Any CPU.Build.0 = Release|Any CPU
		{7DF4931E-1CB2-40CC-90F0-38B149A923B9}.Release|x64.ActiveCfg = Release|Any CPU
		{7DF4931E-1CB2-40CC-90F0-38B149A923B9}.Release|x64.Build.0 = Release|Any CPU
		{7DF4931E-1CB2-40CC-90F0-38B149A923B9}.Release|x86.ActiveCfg = Release|Any CPU
		{7DF4931E-1CB2-40CC-90F0-38B149A923B9}.Release|x86.Build.0 = Release|Any CPU
		{2CB13BCD-1307-4F06-947F-710CC9248004}.Debug|Any CPU.ActiveCfg = Debug|Any CPU
		{2CB13BCD-1307-4F06-947F-710CC9248004}.Debug|Any CPU.Build.0 = Debug|Any CPU
		{2CB13BCD-1307-4F06-947F-710CC9248004}.Debug|x64.ActiveCfg = Debug|Any CPU
		{2CB13BCD-1307-4F06-947F-710CC9248004}.Debug|x64.Build.0 = Debug|Any CPU
		{2CB13BCD-1307-4F06-947F-710CC9248004}.Debug|x86.ActiveCfg = Debug|Any CPU
		{2CB13BCD-1307-4F06-947F-710CC9248004}.Debug|x86.Build.0 = Debug|Any CPU
		{2CB13BCD-1307-4F06-947F-710CC9248004}.Release|Any CPU.ActiveCfg = Release|Any CPU
		{2CB13BCD-1307-4F06-947F-710CC9248004}.Release|Any CPU.Build.0 = Release|Any CPU
		{2CB13BCD-1307-4F06-947F-710CC9248004}.Release|x64.ActiveCfg = Release|Any CPU
		{2CB13BCD-1307-4F06-947F-710CC9248004}.Release|x64.Build.0 = Release|Any CPU
		{2CB13BCD-1307-4F06-947F-710CC9248004}.Release|x86.ActiveCfg = Release|Any CPU
		{2CB13BCD-1307-4F06-947F-710CC9248004}.Release|x86.Build.0 = Release|Any CPU
	EndGlobalSection
	GlobalSection(SolutionProperties) = preSolution
		HideSolutionNode = FALSE
	EndGlobalSection
	GlobalSection(NestedProjects) = preSolution
		{90B5BD25-249C-0694-B96D-AA8C315EA37C} = {BB4FD3E1-BF37-801A-7591-DC4DC6E3BB2D}
		{7DF4931E-1CB2-40CC-90F0-38B149A923B9} = {90B5BD25-249C-0694-B96D-AA8C315EA37C}
		{2CB13BCD-1307-4F06-947F-710CC9248004} = {90B5BD25-249C-0694-B96D-AA8C315EA37C}
	EndGlobalSection
EndGlobal
